
Microsoft Visual Studio Solution File, Format Version 12.00
# Visual Studio Version 17
VisualStudioVersion = 17.9.34723.18
MinimumVisualStudioVersion = 10.0.40219.1
Project("{FAE04EC0-301F-11D3-BF4B-00C04F79EFBC}") = "Prog120_S24_L6_Loops", "Prog120_S24_L6_Loops.csproj", "{65B86B55-FF5E-4CD5-B899-AA56E4977348}"
EndProject
Global
	GlobalSection(SolutionConfigurationPlatforms) = preSolution
		Debug|Any CPU = Debug|Any CPU
		Release|Any CPU = Release|Any CPU
	EndGlobalSection
	GlobalSection(ProjectConfigurationPlatforms) = postSolution
		{65B86B55-FF5E-4CD5-B899-AA56E4977348}.Debug|Any CPU.ActiveCfg = Debug|Any CPU
		{65B86B55-FF5E-4CD5-B899-AA56E4977348}.Debug|Any CPU.Build.0 = Debug|Any CPU
		{65B86B55-FF5E-4CD5-B899-AA56E4977348}.Release|Any CPU.ActiveCfg = Release|Any CPU
		{65B86B55-FF5E-4CD5-B899-AA56E4977348}.Release|Any CPU.Build.0 = Release|Any CPU
	EndGlobalSection
	GlobalSection(SolutionProperties) = preSolution
		HideSolutionNode = FALSE
	EndGlobalSection
	GlobalSection(ExtensibilityGlobals) = postSolution
		SolutionGuid = {C82DFDCC-12EA-42D9-BD0F-F7AC4BC214BD}
	EndGlobalSection
EndGlobal
